
Microsoft Visual Studio Solution File, Format Version 12.00
# Visual Studio Version 16
VisualStudioVersion = 16.0.29519.87
MinimumVisualStudioVersion = 10.0.40219.1
Project("{FAE04EC0-301F-11D3-BF4B-00C04F79EFBC}") = "Calculadora", "Calculadora.csproj", "{5FF8E482-A767-40B4-9FBC-FED564CA78FB}"
EndProject
Global
	GlobalSection(SolutionConfigurationPlatforms) = preSolution
		Debug|Any CPU = Debug|Any CPU
		Release|Any CPU = Release|Any CPU
	EndGlobalSection
	GlobalSection(ProjectConfigurationPlatforms) = postSolution
		{5FF8E482-A767-40B4-9FBC-FED564CA78FB}.Debug|Any CPU.ActiveCfg = Debug|Any CPU
		{5FF8E482-A767-40B4-9FBC-FED564CA78FB}.Debug|Any CPU.Build.0 = Debug|Any CPU
		{5FF8E482-A767-40B4-9FBC-FED564CA78FB}.Release|Any CPU.ActiveCfg = Release|Any CPU
		{5FF8E482-A767-40B4-9FBC-FED564CA78FB}.Release|Any CPU.Build.0 = Release|Any CPU
	EndGlobalSection
	GlobalSection(SolutionProperties) = preSolution
		HideSolutionNode = FALSE
	EndGlobalSection
	GlobalSection(ExtensibilityGlobals) = postSolution
		SolutionGuid = {9E64B905-68AF-4E64-81B9-A8F3E2F118B9}
	EndGlobalSection
EndGlobal
